
Microsoft Visual Studio Solution File, Format Version 12.00
# Visual Studio 2013
VisualStudioVersion = 12.0.31101.0
MinimumVisualStudioVersion = 10.0.40219.1
Project("{00D1A9C2-B5F0-4AF3-8072-F6C62B433612}") = "NerdsForHire.SQL", "NerdsForHire.SQL\NerdsForHire.SQL.sqlproj", "{F5E4BCA8-17AF-4AE8-9FB7-BA612D28808F}"
EndProject
Global
	GlobalSection(SolutionConfigurationPlatforms) = preSolution
		Debug|Any CPU = Debug|Any CPU
		Release|Any CPU = Release|Any CPU
	EndGlobalSection
	GlobalSection(ProjectConfigurationPlatforms) = postSolution
		{F5E4BCA8-17AF-4AE8-9FB7-BA612D28808F}.Debug|Any CPU.ActiveCfg = Debug|Any CPU
		{F5E4BCA8-17AF-4AE8-9FB7-BA612D28808F}.Debug|Any CPU.Build.0 = Debug|Any CPU
		{F5E4BCA8-17AF-4AE8-9FB7-BA612D28808F}.Debug|Any CPU.Deploy.0 = Debug|Any CPU
		{F5E4BCA8-17AF-4AE8-9FB7-BA612D28808F}.Release|Any CPU.ActiveCfg = Release|Any CPU
		{F5E4BCA8-17AF-4AE8-9FB7-BA612D28808F}.Release|Any CPU.Build.0 = Release|Any CPU
		{F5E4BCA8-17AF-4AE8-9FB7-BA612D28808F}.Release|Any CPU.Deploy.0 = Release|Any CPU
	EndGlobalSection
	GlobalSection(SolutionProperties) = preSolution
		HideSolutionNode = FALSE
	EndGlobalSection
EndGlobal
